# This file is automatically @generated by Cargo.
# It is not intended for manual editing.
version = 4

[[package]]
name = "yach-adapter-pi-rpc"
version = "0.1.0"
dependencies = [
 "yach-proto",
]

[[package]]
name = "yach-adapter-pi-sdk"
version = "0.1.0"

[[package]]
name = "yach-bench"
version = "0.1.0"

[[package]]
name = "yach-cli"
version = "0.1.0"
dependencies = [
 "yach-adapter-pi-rpc",
 "yach-proto",
 "yach-ui",
]

[[package]]
name = "yach-proto"
version = "0.1.0"

[[package]]
name = "yach-ui"
version = "0.1.0"
dependencies = [
 "yach-proto",
]
